
Microsoft Visual Studio Solution File, Format Version 12.00
# Visual Studio Version 16
VisualStudioVersion = 16.0.30611.23
MinimumVisualStudioVersion = 15.0.26124.0
Project("{2150E333-8FDC-42A3-9474-1A3956D46DE8}") = "src", "src", "{0DFFAB61-EC45-440B-B80B-F47279090FEE}"
EndProject
Project("{9A19103F-16F7-4668-BE54-9A1E7A4F7556}") = "Oms.Api", "src\Oms.Api\Oms.Api.csproj", "{6B0F738D-4B8F-496F-BFA4-716D2AD17145}"
EndProject
Project("{9A19103F-16F7-4668-BE54-9A1E7A4F7556}") = "Oms.Domain", "src\Oms.Domain\Oms.Domain.csproj", "{C76620ED-FF30-4FE6-A1D4-069BF6ED77D4}"
EndProject
Project("{FAE04EC0-301F-11D3-BF4B-00C04F79EFBC}") = "Oms.Infrastructure", "src\Oms.Infrastructure\Oms.Infrastructure.csproj", "{869E80F9-0BE8-4B54-B6B6-4DDFBDC46F08}"
EndProject
Global
	GlobalSection(SolutionConfigurationPlatforms) = preSolution
		Debug|Any CPU = Debug|Any CPU
		Debug|x64 = Debug|x64
		Debug|x86 = Debug|x86
		Release|Any CPU = Release|Any CPU
		Release|x64 = Release|x64
		Release|x86 = Release|x86
	EndGlobalSection
	GlobalSection(ProjectConfigurationPlatforms) = postSolution
		{6B0F738D-4B8F-496F-BFA4-716D2AD17145}.Debug|Any CPU.ActiveCfg = Debug|Any CPU
		{6B0F738D-4B8F-496F-BFA4-716D2AD17145}.Debug|Any CPU.Build.0 = Debug|Any CPU
		{6B0F738D-4B8F-496F-BFA4-716D2AD17145}.Debug|x64.ActiveCfg = Debug|Any CPU
		{6B0F738D-4B8F-496F-BFA4-716D2AD17145}.Debug|x64.Build.0 = Debug|Any CPU
		{6B0F738D-4B8F-496F-BFA4-716D2AD17145}.Debug|x86.ActiveCfg = Debug|Any CPU
		{6B0F738D-4B8F-496F-BFA4-716D2AD17145}.Debug|x86.Build.0 = Debug|Any CPU
		{6B0F738D-4B8F-496F-BFA4-716D2AD17145}.Release|Any CPU.ActiveCfg = Release|Any CPU
		{6B0F738D-4B8F-496F-BFA4-716D2AD17145}.Release|Any CPU.Build.0 = Release|Any CPU
		{6B0F738D-4B8F-496F-BFA4-716D2AD17145}.Release|x64.ActiveCfg = Release|Any CPU
		{6B0F738D-4B8F-496F-BFA4-716D2AD17145}.Release|x64.Build.0 = Release|Any CPU
		{6B0F738D-4B8F-496F-BFA4-716D2AD17145}.Release|x86.ActiveCfg = Release|Any CPU
		{6B0F738D-4B8F-496F-BFA4-716D2AD17145}.Release|x86.Build.0 = Release|Any CPU
		{C76620ED-FF30-4FE6-A1D4-069BF6ED77D4}.Debug|Any CPU.ActiveCfg = Debug|Any CPU
		{C76620ED-FF30-4FE6-A1D4-069BF6ED77D4}.Debug|Any CPU.Build.0 = Debug|Any CPU
		{C76620ED-FF30-4FE6-A1D4-069BF6ED77D4}.Debug|x64.ActiveCfg = Debug|Any CPU
		{C76620ED-FF30-4FE6-A1D4-069BF6ED77D4}.Debug|x64.Build.0 = Debug|Any CPU
		{C76620ED-FF30-4FE6-A1D4-069BF6ED77D4}.Debug|x86.ActiveCfg = Debug|Any CPU
		{C76620ED-FF30-4FE6-A1D4-069BF6ED77D4}.Debug|x86.Build.0 = Debug|Any CPU
		{C76620ED-FF30-4FE6-A1D4-069BF6ED77D4}.Release|Any CPU.ActiveCfg = Release|Any CPU
		{C76620ED-FF30-4FE6-A1D4-069BF6ED77D4}.Release|Any CPU.Build.0 = Release|Any CPU
		{C76620ED-FF30-4FE6-A1D4-069BF6ED77D4}.Release|x64.ActiveCfg = Release|Any CPU
		{C76620ED-FF30-4FE6-A1D4-069BF6ED77D4}.Release|x64.Build.0 = Release|Any CPU
		{C76620ED-FF30-4FE6-A1D4-069BF6ED77D4}.Release|x86.ActiveCfg = Release|Any CPU
		{C76620ED-FF30-4FE6-A1D4-069BF6ED77D4}.Release|x86.Build.0 = Release|Any CPU
		{869E80F9-0BE8-4B54-B6B6-4DDFBDC46F08}.Debug|Any CPU.ActiveCfg = Debug|Any CPU
		{869E80F9-0BE8-4B54-B6B6-4DDFBDC46F08}.Debug|Any CPU.Build.0 = Debug|Any CPU
		{869E80F9-0BE8-4B54-B6B6-4DDFBDC46F08}.Debug|x64.ActiveCfg = Debug|Any CPU
		{869E80F9-0BE8-4B54-B6B6-4DDFBDC46F08}.Debug|x64.Build.0 = Debug|Any CPU
		{869E80F9-0BE8-4B54-B6B6-4DDFBDC46F08}.Debug|x86.ActiveCfg = Debug|Any CPU
		{869E80F9-0BE8-4B54-B6B6-4DDFBDC46F08}.Debug|x86.Build.0 = Debug|Any CPU
		{869E80F9-0BE8-4B54-B6B6-4DDFBDC46F08}.Release|Any CPU.ActiveCfg = Release|Any CPU
		{869E80F9-0BE8-4B54-B6B6-4DDFBDC46F08}.Release|Any CPU.Build.0 = Release|Any CPU
		{869E80F9-0BE8-4B54-B6B6-4DDFBDC46F08}.Release|x64.ActiveCfg = Release|Any CPU
		{869E80F9-0BE8-4B54-B6B6-4DDFBDC46F08}.Release|x64.Build.0 = Release|Any CPU
		{869E80F9-0BE8-4B54-B6B6-4DDFBDC46F08}.Release|x86.ActiveCfg = Release|Any CPU
		{869E80F9-0BE8-4B54-B6B6-4DDFBDC46F08}.Release|x86.Build.0 = Release|Any CPU
	EndGlobalSection
	GlobalSection(SolutionProperties) = preSolution
		HideSolutionNode = FALSE
	EndGlobalSection
	GlobalSection(NestedProjects) = preSolution
		{6B0F738D-4B8F-496F-BFA4-716D2AD17145} = {0DFFAB61-EC45-440B-B80B-F47279090FEE}
		{C76620ED-FF30-4FE6-A1D4-069BF6ED77D4} = {0DFFAB61-EC45-440B-B80B-F47279090FEE}
		{869E80F9-0BE8-4B54-B6B6-4DDFBDC46F08} = {0DFFAB61-EC45-440B-B80B-F47279090FEE}
	EndGlobalSection
	GlobalSection(ExtensibilityGlobals) = postSolution
		SolutionGuid = {BCF4BD92-DB4B-4E53-920E-E16F620983BB}
	EndGlobalSection
EndGlobal
